
Microsoft Visual Studio Solution File, Format Version 12.00
# Visual Studio 15
VisualStudioVersion = 15.0.27130.2010
MinimumVisualStudioVersion = 10.0.40219.1
Project("{FAE04EC0-301F-11D3-BF4B-00C04F79EFBC}") = "Teamviewer_Hacker", "Teamviewer_Hacker\Teamviewer_Hacker.csproj", "{5EB385CD-649A-43A9-8669-376E9EF06605}"
EndProject
Global
	GlobalSection(SolutionConfigurationPlatforms) = preSolution
		Debug|Any CPU = Debug|Any CPU
		Release|Any CPU = Release|Any CPU
	EndGlobalSection
	GlobalSection(ProjectConfigurationPlatforms) = postSolution
		{5EB385CD-649A-43A9-8669-376E9EF06605}.Debug|Any CPU.ActiveCfg = Debug|Any CPU
		{5EB385CD-649A-43A9-8669-376E9EF06605}.Debug|Any CPU.Build.0 = Debug|Any CPU
		{5EB385CD-649A-43A9-8669-376E9EF06605}.Release|Any CPU.ActiveCfg = Release|Any CPU
		{5EB385CD-649A-43A9-8669-376E9EF06605}.Release|Any CPU.Build.0 = Release|Any CPU
	EndGlobalSection
	GlobalSection(SolutionProperties) = preSolution
		HideSolutionNode = FALSE
	EndGlobalSection
	GlobalSection(ExtensibilityGlobals) = postSolution
		SolutionGuid = {89E53DDD-0EE7-4ACF-B857-20937E7CEBE9}
	EndGlobalSection
EndGlobal
